
Microsoft Visual Studio Solution File, Format Version 12.00
# Visual Studio Version 17
VisualStudioVersion = 17.7.34018.315
MinimumVisualStudioVersion = 10.0.40219.1
Project("{2150E333-8FDC-42A3-9474-1A3956D46DE8}") = "N36", "N36", "{9D2EBA50-902A-4307-82D1-EF208DF79136}"
EndProject
Project("{9A19103F-16F7-4668-BE54-9A1E7A4F7556}") = "N36_HT2", "dsjdhjs\N36_HT2.csproj", "{8153CE3F-AD65-4B7E-8E0E-41E38CC0429D}"
EndProject
Project("{2150E333-8FDC-42A3-9474-1A3956D46DE8}") = "N37", "N37", "{2A0893FA-1B46-450D-A65B-86D794EF436F}"
EndProject
Project("{9A19103F-16F7-4668-BE54-9A1E7A4F7556}") = "LessonTask1", "LessonTask1\LessonTask1.csproj", "{C4E4E272-D05F-4003-BA21-0B3F5DFAFF30}"
EndProject
Project("{9A19103F-16F7-4668-BE54-9A1E7A4F7556}") = "N36_HT1", "N36_HT1\N36_HT1.csproj", "{F735DA6E-5834-497C-A425-F08743474E8A}"
EndProject
Project("{2150E333-8FDC-42A3-9474-1A3956D46DE8}") = "N38", "N38", "{E6D28CA3-A5FD-4005-A28B-61D7729A264F}"
EndProject
Project("{9A19103F-16F7-4668-BE54-9A1E7A4F7556}") = "PharmacyEdition", "PharmacyEdition\PharmacyEdition.csproj", "{8AD6EAB5-D669-4D5A-959E-CC59FA89B6C6}"
EndProject
Project("{2150E333-8FDC-42A3-9474-1A3956D46DE8}") = "N39", "N39", "{BF10E2FA-D640-4AC6-897A-E2DAC99CC1E4}"
EndProject
Project("{9A19103F-16F7-4668-BE54-9A1E7A4F7556}") = "N39_Tester", "N39_Tester\N39_Tester.csproj", "{33D10091-05DB-4CB8-BB07-4C5C81A45246}"
EndProject
Project("{9A19103F-16F7-4668-BE54-9A1E7A4F7556}") = "N39_TryCatch", "N39_TryCatch\N39_TryCatch.csproj", "{46574A68-B76C-4179-B3AD-BB4EF00BEAC4}"
EndProject
Project("{9A19103F-16F7-4668-BE54-9A1E7A4F7556}") = "N37_HT_PipeLine", "N37_HT_PipeLine\N37_HT_PipeLine.csproj", "{79D889B2-62A5-4027-A91E-F2D37C737A79}"
EndProject
Project("{9A19103F-16F7-4668-BE54-9A1E7A4F7556}") = "N38_HT1_UserContainer", "N38_HT1\N38_HT1_UserContainer.csproj", "{53617013-F3EF-4373-B2F1-7DCEC3EBC359}"
EndProject
Project("{9A19103F-16F7-4668-BE54-9A1E7A4F7556}") = "N38_HT_Bogus", "N38_HT_Bogus\N38_HT_Bogus.csproj", "{51504238-3787-43DA-A054-0122BBD74931}"
EndProject
Project("{2150E333-8FDC-42A3-9474-1A3956D46DE8}") = "N40", "N40", "{2482423D-FF1F-4AF1-B903-F28FB0E6425C}"
EndProject
Project("{9A19103F-16F7-4668-BE54-9A1E7A4F7556}") = "lesson", "lesson\lesson.csproj", "{0845A8A3-8B59-476F-AED9-FB952E86C9E3}"
EndProject
Project("{2150E333-8FDC-42A3-9474-1A3956D46DE8}") = "N42", "N42", "{C4E51B4B-FA22-44FF-ACCE-EFF77EA0BAA4}"
EndProject
Project("{9A19103F-16F7-4668-BE54-9A1E7A4F7556}") = "FuelFilter_LessonTask", "FuelFilter_LessonTask\FuelFilter_LessonTask.csproj", "{A2032137-1D12-403F-BA0D-0C8844994C97}"
EndProject
Project("{2150E333-8FDC-42A3-9474-1A3956D46DE8}") = "N43", "N43", "{7FC83EED-B466-4ADF-94FE-A01800E5E123}"
EndProject
Project("{9A19103F-16F7-4668-BE54-9A1E7A4F7556}") = "LessonTask_Mutex", "LessonTask_Mutex\LessonTask_Mutex.csproj", "{F105DC3B-43C7-4433-A7D9-6711A8AD4E61}"
EndProject
Project("{2150E333-8FDC-42A3-9474-1A3956D46DE8}") = "N41", "N41", "{52EECB94-A473-4855-B4C1-7F2148903A40}"
EndProject
Project("{9A19103F-16F7-4668-BE54-9A1E7A4F7556}") = "ThreadSafe_HT1_N41", "ThreadSafe_HT1\ThreadSafe_HT1_N41.csproj", "{D84EEB57-7946-4956-B3D9-E6E380B4F3A9}"
EndProject
Project("{9A19103F-16F7-4668-BE54-9A1E7A4F7556}") = "EmailSender_HT2_N41", "EmailSender_HT2_N41\EmailSender_HT2_N41.csproj", "{03B950A3-726A-4208-8A92-03CD5349237F}"
EndProject
Project("{2150E333-8FDC-42A3-9474-1A3956D46DE8}") = "N44", "N44", "{9CDF635E-D571-4C07-B5C3-D91D33070E96}"
EndProject
Project("{2150E333-8FDC-42A3-9474-1A3956D46DE8}") = "N45", "N45", "{FF0C2A9D-90B2-4C32-9D75-E5022DB7843F}"
EndProject
Project("{9A19103F-16F7-4668-BE54-9A1E7A4F7556}") = "Blogmanager", "Blogmanager\Blogmanager.csproj", "{B6773557-C15D-4710-BEE9-E9541A7848D0}"
EndProject
Project("{9A19103F-16F7-4668-BE54-9A1E7A4F7556}") = "N43_HT1", "N43_HT1\N43_HT1.csproj", "{CAB65D6D-4C02-4D63-AFB8-CD321CE86B23}"
EndProject
Global
	GlobalSection(SolutionConfigurationPlatforms) = preSolution
		Debug|Any CPU = Debug|Any CPU
		Release|Any CPU = Release|Any CPU
	EndGlobalSection
	GlobalSection(ProjectConfigurationPlatforms) = postSolution
		{8153CE3F-AD65-4B7E-8E0E-41E38CC0429D}.Debug|Any CPU.ActiveCfg = Debug|Any CPU
		{8153CE3F-AD65-4B7E-8E0E-41E38CC0429D}.Debug|Any CPU.Build.0 = Debug|Any CPU
		{8153CE3F-AD65-4B7E-8E0E-41E38CC0429D}.Release|Any CPU.ActiveCfg = Release|Any CPU
		{8153CE3F-AD65-4B7E-8E0E-41E38CC0429D}.Release|Any CPU.Build.0 = Release|Any CPU
		{C4E4E272-D05F-4003-BA21-0B3F5DFAFF30}.Debug|Any CPU.ActiveCfg = Debug|Any CPU
		{C4E4E272-D05F-4003-BA21-0B3F5DFAFF30}.Debug|Any CPU.Build.0 = Debug|Any CPU
		{C4E4E272-D05F-4003-BA21-0B3F5DFAFF30}.Release|Any CPU.ActiveCfg = Release|Any CPU
		{C4E4E272-D05F-4003-BA21-0B3F5DFAFF30}.Release|Any CPU.Build.0 = Release|Any CPU
		{F735DA6E-5834-497C-A425-F08743474E8A}.Debug|Any CPU.ActiveCfg = Debug|Any CPU
		{F735DA6E-5834-497C-A425-F08743474E8A}.Debug|Any CPU.Build.0 = Debug|Any CPU
		{F735DA6E-5834-497C-A425-F08743474E8A}.Release|Any CPU.ActiveCfg = Release|Any CPU
		{F735DA6E-5834-497C-A425-F08743474E8A}.Release|Any CPU.Build.0 = Release|Any CPU
		{8AD6EAB5-D669-4D5A-959E-CC59FA89B6C6}.Debug|Any CPU.ActiveCfg = Debug|Any CPU
		{8AD6EAB5-D669-4D5A-959E-CC59FA89B6C6}.Debug|Any CPU.Build.0 = Debug|Any CPU
		{8AD6EAB5-D669-4D5A-959E-CC59FA89B6C6}.Release|Any CPU.ActiveCfg = Release|Any CPU
		{8AD6EAB5-D669-4D5A-959E-CC59FA89B6C6}.Release|Any CPU.Build.0 = Release|Any CPU
		{33D10091-05DB-4CB8-BB07-4C5C81A45246}.Debug|Any CPU.ActiveCfg = Debug|Any CPU
		{33D10091-05DB-4CB8-BB07-4C5C81A45246}.Debug|Any CPU.Build.0 = Debug|Any CPU
		{33D10091-05DB-4CB8-BB07-4C5C81A45246}.Release|Any CPU.ActiveCfg = Release|Any CPU
		{33D10091-05DB-4CB8-BB07-4C5C81A45246}.Release|Any CPU.Build.0 = Release|Any CPU
		{46574A68-B76C-4179-B3AD-BB4EF00BEAC4}.Debug|Any CPU.ActiveCfg = Debug|Any CPU
		{46574A68-B76C-4179-B3AD-BB4EF00BEAC4}.Debug|Any CPU.Build.0 = Debug|Any CPU
		{46574A68-B76C-4179-B3AD-BB4EF00BEAC4}.Release|Any CPU.ActiveCfg = Release|Any CPU
		{46574A68-B76C-4179-B3AD-BB4EF00BEAC4}.Release|Any CPU.Build.0 = Release|Any CPU
		{79D889B2-62A5-4027-A91E-F2D37C737A79}.Debug|Any CPU.ActiveCfg = Debug|Any CPU
		{79D889B2-62A5-4027-A91E-F2D37C737A79}.Debug|Any CPU.Build.0 = Debug|Any CPU
		{79D889B2-62A5-4027-A91E-F2D37C737A79}.Release|Any CPU.ActiveCfg = Release|Any CPU
		{79D889B2-62A5-4027-A91E-F2D37C737A79}.Release|Any CPU.Build.0 = Release|Any CPU
		{53617013-F3EF-4373-B2F1-7DCEC3EBC359}.Debug|Any CPU.ActiveCfg = Debug|Any CPU
		{53617013-F3EF-4373-B2F1-7DCEC3EBC359}.Debug|Any CPU.Build.0 = Debug|Any CPU
		{53617013-F3EF-4373-B2F1-7DCEC3EBC359}.Release|Any CPU.ActiveCfg = Release|Any CPU
		{53617013-F3EF-4373-B2F1-7DCEC3EBC359}.Release|Any CPU.Build.0 = Release|Any CPU
		{51504238-3787-43DA-A054-0122BBD74931}.Debug|Any CPU.ActiveCfg = Debug|Any CPU
		{51504238-3787-43DA-A054-0122BBD74931}.Debug|Any CPU.Build.0 = Debug|Any CPU
		{51504238-3787-43DA-A054-0122BBD74931}.Release|Any CPU.ActiveCfg = Release|Any CPU
		{51504238-3787-43DA-A054-0122BBD74931}.Release|Any CPU.Build.0 = Release|Any CPU
		{0845A8A3-8B59-476F-AED9-FB952E86C9E3}.Debug|Any CPU.ActiveCfg = Debug|Any CPU
		{0845A8A3-8B59-476F-AED9-FB952E86C9E3}.Debug|Any CPU.Build.0 = Debug|Any CPU
		{0845A8A3-8B59-476F-AED9-FB952E86C9E3}.Release|Any CPU.ActiveCfg = Release|Any CPU
		{0845A8A3-8B59-476F-AED9-FB952E86C9E3}.Release|Any CPU.Build.0 = Release|Any CPU
		{A2032137-1D12-403F-BA0D-0C8844994C97}.Debug|Any CPU.ActiveCfg = Debug|Any CPU
		{A2032137-1D12-403F-BA0D-0C8844994C97}.Debug|Any CPU.Build.0 = Debug|Any CPU
		{A2032137-1D12-403F-BA0D-0C8844994C97}.Release|Any CPU.ActiveCfg = Release|Any CPU
		{A2032137-1D12-403F-BA0D-0C8844994C97}.Release|Any CPU.Build.0 = Release|Any CPU
		{F105DC3B-43C7-4433-A7D9-6711A8AD4E61}.Debug|Any CPU.ActiveCfg = Debug|Any CPU
		{F105DC3B-43C7-4433-A7D9-6711A8AD4E61}.Debug|Any CPU.Build.0 = Debug|Any CPU
		{F105DC3B-43C7-4433-A7D9-6711A8AD4E61}.Release|Any CPU.ActiveCfg = Release|Any CPU
		{F105DC3B-43C7-4433-A7D9-6711A8AD4E61}.Release|Any CPU.Build.0 = Release|Any CPU
		{D84EEB57-7946-4956-B3D9-E6E380B4F3A9}.Debug|Any CPU.ActiveCfg = Debug|Any CPU
		{D84EEB57-7946-4956-B3D9-E6E380B4F3A9}.Debug|Any CPU.Build.0 = Debug|Any CPU
		{D84EEB57-7946-4956-B3D9-E6E380B4F3A9}.Release|Any CPU.ActiveCfg = Release|Any CPU
		{D84EEB57-7946-4956-B3D9-E6E380B4F3A9}.Release|Any CPU.Build.0 = Release|Any CPU
		{03B950A3-726A-4208-8A92-03CD5349237F}.Debug|Any CPU.ActiveCfg = Debug|Any CPU
		{03B950A3-726A-4208-8A92-03CD5349237F}.Debug|Any CPU.Build.0 = Debug|Any CPU
		{03B950A3-726A-4208-8A92-03CD5349237F}.Release|Any CPU.ActiveCfg = Release|Any CPU
		{03B950A3-726A-4208-8A92-03CD5349237F}.Release|Any CPU.Build.0 = Release|Any CPU
		{B6773557-C15D-4710-BEE9-E9541A7848D0}.Debug|Any CPU.ActiveCfg = Debug|Any CPU
		{B6773557-C15D-4710-BEE9-E9541A7848D0}.Debug|Any CPU.Build.0 = Debug|Any CPU
		{B6773557-C15D-4710-BEE9-E9541A7848D0}.Release|Any CPU.ActiveCfg = Release|Any CPU
		{B6773557-C15D-4710-BEE9-E9541A7848D0}.Release|Any CPU.Build.0 = Release|Any CPU
		{CAB65D6D-4C02-4D63-AFB8-CD321CE86B23}.Debug|Any CPU.ActiveCfg = Debug|Any CPU
		{CAB65D6D-4C02-4D63-AFB8-CD321CE86B23}.Debug|Any CPU.Build.0 = Debug|Any CPU
		{CAB65D6D-4C02-4D63-AFB8-CD321CE86B23}.Release|Any CPU.ActiveCfg = Release|Any CPU
		{CAB65D6D-4C02-4D63-AFB8-CD321CE86B23}.Release|Any CPU.Build.0 = Release|Any CPU
	EndGlobalSection
	GlobalSection(SolutionProperties) = preSolution
		HideSolutionNode = FALSE
	EndGlobalSection
	GlobalSection(NestedProjects) = preSolution
		{8153CE3F-AD65-4B7E-8E0E-41E38CC0429D} = {9D2EBA50-902A-4307-82D1-EF208DF79136}
		{C4E4E272-D05F-4003-BA21-0B3F5DFAFF30} = {2A0893FA-1B46-450D-A65B-86D794EF436F}
		{F735DA6E-5834-497C-A425-F08743474E8A} = {9D2EBA50-902A-4307-82D1-EF208DF79136}
		{8AD6EAB5-D669-4D5A-959E-CC59FA89B6C6} = {E6D28CA3-A5FD-4005-A28B-61D7729A264F}
		{33D10091-05DB-4CB8-BB07-4C5C81A45246} = {BF10E2FA-D640-4AC6-897A-E2DAC99CC1E4}
		{46574A68-B76C-4179-B3AD-BB4EF00BEAC4} = {BF10E2FA-D640-4AC6-897A-E2DAC99CC1E4}
		{79D889B2-62A5-4027-A91E-F2D37C737A79} = {2A0893FA-1B46-450D-A65B-86D794EF436F}
		{53617013-F3EF-4373-B2F1-7DCEC3EBC359} = {E6D28CA3-A5FD-4005-A28B-61D7729A264F}
		{51504238-3787-43DA-A054-0122BBD74931} = {E6D28CA3-A5FD-4005-A28B-61D7729A264F}
		{0845A8A3-8B59-476F-AED9-FB952E86C9E3} = {2482423D-FF1F-4AF1-B903-F28FB0E6425C}
		{A2032137-1D12-403F-BA0D-0C8844994C97} = {C4E51B4B-FA22-44FF-ACCE-EFF77EA0BAA4}
		{F105DC3B-43C7-4433-A7D9-6711A8AD4E61} = {7FC83EED-B466-4ADF-94FE-A01800E5E123}
		{D84EEB57-7946-4956-B3D9-E6E380B4F3A9} = {52EECB94-A473-4855-B4C1-7F2148903A40}
		{03B950A3-726A-4208-8A92-03CD5349237F} = {52EECB94-A473-4855-B4C1-7F2148903A40}
		{B6773557-C15D-4710-BEE9-E9541A7848D0} = {FF0C2A9D-90B2-4C32-9D75-E5022DB7843F}
		{CAB65D6D-4C02-4D63-AFB8-CD321CE86B23} = {7FC83EED-B466-4ADF-94FE-A01800E5E123}
	EndGlobalSection
	GlobalSection(ExtensibilityGlobals) = postSolution
		SolutionGuid = {EECA0DD7-89C1-4023-9F92-412AF25F6F86}
	EndGlobalSection
EndGlobal
